
Microsoft Visual Studio Solution File, Format Version 12.00
# Visual Studio Version 16
VisualStudioVersion = 16.0.29609.76
MinimumVisualStudioVersion = 10.0.40219.1
Project("{FAE04EC0-301F-11D3-BF4B-00C04F79EFBC}") = "Adaptador", "Adaptador\Adaptador.csproj", "{247BCC20-D7BC-4003-A125-DD1CEAC0761A}"
EndProject
Project("{FAE04EC0-301F-11D3-BF4B-00C04F79EFBC}") = "Puente", "Puente\Puente.csproj", "{4D299AD2-B298-4A1D-99A6-CF3735A66B76}"
EndProject
Project("{FAE04EC0-301F-11D3-BF4B-00C04F79EFBC}") = "Composicion", "Composicion\Composicion.csproj", "{9A8DEEB4-8C2B-465B-9A92-5B21964866B7}"
EndProject
Project("{FAE04EC0-301F-11D3-BF4B-00C04F79EFBC}") = "Decorador", "Decorador\Decorador.csproj", "{2CF4F3BD-CD28-4BAA-A11D-F85B84BF6A08}"
EndProject
Global
	GlobalSection(SolutionConfigurationPlatforms) = preSolution
		Debug|Any CPU = Debug|Any CPU
		Release|Any CPU = Release|Any CPU
	EndGlobalSection
	GlobalSection(ProjectConfigurationPlatforms) = postSolution
		{247BCC20-D7BC-4003-A125-DD1CEAC0761A}.Debug|Any CPU.ActiveCfg = Debug|Any CPU
		{247BCC20-D7BC-4003-A125-DD1CEAC0761A}.Debug|Any CPU.Build.0 = Debug|Any CPU
		{247BCC20-D7BC-4003-A125-DD1CEAC0761A}.Release|Any CPU.ActiveCfg = Release|Any CPU
		{247BCC20-D7BC-4003-A125-DD1CEAC0761A}.Release|Any CPU.Build.0 = Release|Any CPU
		{4D299AD2-B298-4A1D-99A6-CF3735A66B76}.Debug|Any CPU.ActiveCfg = Debug|Any CPU
		{4D299AD2-B298-4A1D-99A6-CF3735A66B76}.Debug|Any CPU.Build.0 = Debug|Any CPU
		{4D299AD2-B298-4A1D-99A6-CF3735A66B76}.Release|Any CPU.ActiveCfg = Release|Any CPU
		{4D299AD2-B298-4A1D-99A6-CF3735A66B76}.Release|Any CPU.Build.0 = Release|Any CPU
		{9A8DEEB4-8C2B-465B-9A92-5B21964866B7}.Debug|Any CPU.ActiveCfg = Debug|Any CPU
		{9A8DEEB4-8C2B-465B-9A92-5B21964866B7}.Debug|Any CPU.Build.0 = Debug|Any CPU
		{9A8DEEB4-8C2B-465B-9A92-5B21964866B7}.Release|Any CPU.ActiveCfg = Release|Any CPU
		{9A8DEEB4-8C2B-465B-9A92-5B21964866B7}.Release|Any CPU.Build.0 = Release|Any CPU
		{2CF4F3BD-CD28-4BAA-A11D-F85B84BF6A08}.Debug|Any CPU.ActiveCfg = Debug|Any CPU
		{2CF4F3BD-CD28-4BAA-A11D-F85B84BF6A08}.Debug|Any CPU.Build.0 = Debug|Any CPU
		{2CF4F3BD-CD28-4BAA-A11D-F85B84BF6A08}.Release|Any CPU.ActiveCfg = Release|Any CPU
		{2CF4F3BD-CD28-4BAA-A11D-F85B84BF6A08}.Release|Any CPU.Build.0 = Release|Any CPU
	EndGlobalSection
	GlobalSection(SolutionProperties) = preSolution
		HideSolutionNode = FALSE
	EndGlobalSection
	GlobalSection(ExtensibilityGlobals) = postSolution
		SolutionGuid = {BE43E911-463C-4E75-911A-2280D2DD5F57}
	EndGlobalSection
EndGlobal
